// !$*UTF8*$!
{
	archiveVersion = 1;
	classes = {
	};
	objectVersion = 51;
	objects = {

/* Begin PBXBuildFile section */
		430A13E6239551460008155D /* ChatRoomsViewController.swift in Sources */ = {isa = PBXBuildFile; fileRef = 430A13E5239551460008155D /* ChatRoomsViewController.swift */; };
		430A13E8239551560008155D /* ChatRooms.storyboard in Resources */ = {isa = PBXBuildFile; fileRef = 430A13E7239551560008155D /* ChatRooms.storyboard */; };
		430A13EC23955E280008155D /* ChatRoom.swift in Sources */ = {isa = PBXBuildFile; fileRef = 430A13EB23955E280008155D /* ChatRoom.swift */; };
		430A13EE23955E570008155D /* Message.swift in Sources */ = {isa = PBXBuildFile; fileRef = 430A13ED23955E570008155D /* Message.swift */; };
		430A13F0239561E70008155D /* ChatRoomViewController.swift in Sources */ = {isa = PBXBuildFile; fileRef = 430A13EF239561E70008155D /* ChatRoomViewController.swift */; };
		430A13F2239561F60008155D /* ChatRoom.storyboard in Resources */ = {isa = PBXBuildFile; fileRef = 430A13F1239561F60008155D /* ChatRoom.storyboard */; };
		430A13F423956C800008155D /* DatabaseRepresentation.swift in Sources */ = {isa = PBXBuildFile; fileRef = 430A13F323956C800008155D /* DatabaseRepresentation.swift */; };
		4344E014239546C800915E95 /* GoogleService-Info.plist in Resources */ = {isa = PBXBuildFile; fileRef = 4344E013239546C800915E95 /* GoogleService-Info.plist */; };
		4344E015239546C800915E95 /* GoogleService-Info.plist in Resources */ = {isa = PBXBuildFile; fileRef = 4344E013239546C800915E95 /* GoogleService-Info.plist */; };
		4344E016239546C800915E95 /* GoogleService-Info.plist in Resources */ = {isa = PBXBuildFile; fileRef = 4344E013239546C800915E95 /* GoogleService-Info.plist */; };
		43AC7DCE2395160F0083A67E /* AppDelegate.swift in Sources */ = {isa = PBXBuildFile; fileRef = 43AC7DCD2395160F0083A67E /* AppDelegate.swift */; };
		43AC7DD02395160F0083A67E /* SceneDelegate.swift in Sources */ = {isa = PBXBuildFile; fileRef = 43AC7DCF2395160F0083A67E /* SceneDelegate.swift */; };
		43AC7DD22395160F0083A67E /* LoginViewController.swift in Sources */ = {isa = PBXBuildFile; fileRef = 43AC7DD12395160F0083A67E /* LoginViewController.swift */; };
		43AC7DD52395160F0083A67E /* Main.storyboard in Resources */ = {isa = PBXBuildFile; fileRef = 43AC7DD32395160F0083A67E /* Main.storyboard */; };
		43AC7DD7239516120083A67E /* Assets.xcassets in Resources */ = {isa = PBXBuildFile; fileRef = 43AC7DD6239516120083A67E /* Assets.xcassets */; };
		43AC7DDA239516120083A67E /* LaunchScreen.storyboard in Resources */ = {isa = PBXBuildFile; fileRef = 43AC7DD8239516120083A67E /* LaunchScreen.storyboard */; };
		43AC7DE5239516120083A67E /* chatroomTests.swift in Sources */ = {isa = PBXBuildFile; fileRef = 43AC7DE4239516120083A67E /* chatroomTests.swift */; };
		43AC7DF0239516120083A67E /* chatroomUITests.swift in Sources */ = {isa = PBXBuildFile; fileRef = 43AC7DEF239516120083A67E /* chatroomUITests.swift */; };
		43BA90F7239692B700FC7D6D /* Spinner.swift in Sources */ = {isa = PBXBuildFile; fileRef = 43BA90F6239692B700FC7D6D /* Spinner.swift */; };
		43BA90FA2396A62700FC7D6D /* ScrollView.swift in Sources */ = {isa = PBXBuildFile; fileRef = 43BA90F92396A62600FC7D6D /* ScrollView.swift */; };
		43BA90FC2396A64E00FC7D6D /* UIColors.swift in Sources */ = {isa = PBXBuildFile; fileRef = 43BA90FB2396A64E00FC7D6D /* UIColors.swift */; };
		43BA90FE2396A69900FC7D6D /* UIImage.swift in Sources */ = {isa = PBXBuildFile; fileRef = 43BA90FD2396A69900FC7D6D /* UIImage.swift */; };
		43FBE60823966854001EE591 /* ChatRoomsTableViewCell.swift in Sources */ = {isa = PBXBuildFile; fileRef = 43FBE60723966854001EE591 /* ChatRoomsTableViewCell.swift */; };
		43FBE60B23968268001EE591 /* AppSettings.swift in Sources */ = {isa = PBXBuildFile; fileRef = 43FBE60A23968268001EE591 /* AppSettings.swift */; };
		538DBB0F202CAF5DBCE78285 /* Pods_chatroom_chatroomUITests.framework in Frameworks */ = {isa = PBXBuildFile; fileRef = 8265B585BB41F8AC0A1A4F08 /* Pods_chatroom_chatroomUITests.framework */; };
		63CC5D582A1F6382C09C2BB3 /* Pods_chatroom.framework in Frameworks */ = {isa = PBXBuildFile; fileRef = 1E986DB0454B7EF67EFF8002 /* Pods_chatroom.framework */; };
		F9F0AA69BF37AC3E848B0AEE /* Pods_chatroomTests.framework in Frameworks */ = {isa = PBXBuildFile; fileRef = 7E02C6D27AD5A69904DD4C6E /* Pods_chatroomTests.framework */; };
/* End PBXBuildFile section */

/* Begin PBXContainerItemProxy section */
		43AC7DE1239516120083A67E /* PBXContainerItemProxy */ = {
			isa = PBXContainerItemProxy;
			containerPortal = 43AC7DC22395160F0083A67E /* Project object */;
			proxyType = 1;
			remoteGlobalIDString = 43AC7DC92395160F0083A67E;
			remoteInfo = chatroom;
		};
		43AC7DEC239516120083A67E /* PBXContainerItemProxy */ = {
			isa = PBXContainerItemProxy;
			containerPortal = 43AC7DC22395160F0083A67E /* Project object */;
			proxyType = 1;
			remoteGlobalIDString = 43AC7DC92395160F0083A67E;
			remoteInfo = chatroom;
		};
/* End PBXContainerItemProxy section */

/* Begin PBXFileReference section */
		050D2F765F301C8EEE7A6FE9 /* Pods-chatroomTests.release.xcconfig */ = {isa = PBXFileReference; includeInIndex = 1; lastKnownFileType = text.xcconfig; name = "Pods-chatroomTests.release.xcconfig"; path = "Target Support Files/Pods-chatroomTests/Pods-chatroomTests.release.xcconfig"; sourceTree = "<group>"; };
		1E986DB0454B7EF67EFF8002 /* Pods_chatroom.framework */ = {isa = PBXFileReference; explicitFileType = wrapper.framework; includeInIndex = 0; path = Pods_chatroom.framework; sourceTree = BUILT_PRODUCTS_DIR; };
		430A13E423954BEF0008155D /* chatroom.entitlements */ = {isa = PBXFileReference; lastKnownFileType = text.plist.entitlements; path = chatroom.entitlements; sourceTree = "<group>"; };
		430A13E5239551460008155D /* ChatRoomsViewController.swift */ = {isa = PBXFileReference; lastKnownFileType = sourcecode.swift; path = ChatRoomsViewController.swift; sourceTree = "<group>"; };
		430A13E7239551560008155D /* ChatRooms.storyboard */ = {isa = PBXFileReference; lastKnownFileType = file.storyboard; path = ChatRooms.storyboard; sourceTree = "<group>"; };
		430A13EB23955E280008155D /* ChatRoom.swift */ = {isa = PBXFileReference; lastKnownFileType = sourcecode.swift; path = ChatRoom.swift; sourceTree = "<group>"; };
		430A13ED23955E570008155D /* Message.swift */ = {isa = PBXFileReference; lastKnownFileType = sourcecode.swift; path = Message.swift; sourceTree = "<group>"; };
		430A13EF239561E70008155D /* ChatRoomViewController.swift */ = {isa = PBXFileReference; lastKnownFileType = sourcecode.swift; path = ChatRoomViewController.swift; sourceTree = "<group>"; };
		430A13F1239561F60008155D /* ChatRoom.storyboard */ = {isa = PBXFileReference; lastKnownFileType = file.storyboard; path = ChatRoom.storyboard; sourceTree = "<group>"; };
		430A13F323956C800008155D /* DatabaseRepresentation.swift */ = {isa = PBXFileReference; lastKnownFileType = sourcecode.swift; path = DatabaseRepresentation.swift; sourceTree = "<group>"; };
		4344E013239546C800915E95 /* GoogleService-Info.plist */ = {isa = PBXFileReference; fileEncoding = 4; lastKnownFileType = text.plist.xml; path = "GoogleService-Info.plist"; sourceTree = "<group>"; };
		43AC7DCA2395160F0083A67E /* chatroom.app */ = {isa = PBXFileReference; explicitFileType = wrapper.application; includeInIndex = 0; path = chatroom.app; sourceTree = BUILT_PRODUCTS_DIR; };
		43AC7DCD2395160F0083A67E /* AppDelegate.swift */ = {isa = PBXFileReference; lastKnownFileType = sourcecode.swift; path = AppDelegate.swift; sourceTree = "<group>"; };
		43AC7DCF2395160F0083A67E /* SceneDelegate.swift */ = {isa = PBXFileReference; lastKnownFileType = sourcecode.swift; path = SceneDelegate.swift; sourceTree = "<group>"; };
		43AC7DD12395160F0083A67E /* LoginViewController.swift */ = {isa = PBXFileReference; lastKnownFileType = sourcecode.swift; path = LoginViewController.swift; sourceTree = "<group>"; };
		43AC7DD42395160F0083A67E /* Base */ = {isa = PBXFileReference; lastKnownFileType = file.storyboard; name = Base; path = Base.lproj/Main.storyboard; sourceTree = "<group>"; };
		43AC7DD6239516120083A67E /* Assets.xcassets */ = {isa = PBXFileReference; lastKnownFileType = folder.assetcatalog; path = Assets.xcassets; sourceTree = "<group>"; };
		43AC7DD9239516120083A67E /* Base */ = {isa = PBXFileReference; lastKnownFileType = file.storyboard; name = Base; path = Base.lproj/LaunchScreen.storyboard; sourceTree = "<group>"; };
		43AC7DDB239516120083A67E /* Info.plist */ = {isa = PBXFileReference; lastKnownFileType = text.plist.xml; path = Info.plist; sourceTree = "<group>"; };
		43AC7DE0239516120083A67E /* chatroomTests.xctest */ = {isa = PBXFileReference; explicitFileType = wrapper.cfbundle; includeInIndex = 0; path = chatroomTests.xctest; sourceTree = BUILT_PRODUCTS_DIR; };
		43AC7DE4239516120083A67E /* chatroomTests.swift */ = {isa = PBXFileReference; lastKnownFileType = sourcecode.swift; path = chatroomTests.swift; sourceTree = "<group>"; };
		43AC7DE6239516120083A67E /* Info.plist */ = {isa = PBXFileReference; lastKnownFileType = text.plist.xml; path = Info.plist; sourceTree = "<group>"; };
		43AC7DEB239516120083A67E /* chatroomUITests.xctest */ = {isa = PBXFileReference; explicitFileType = wrapper.cfbundle; includeInIndex = 0; path = chatroomUITests.xctest; sourceTree = BUILT_PRODUCTS_DIR; };
		43AC7DEF239516120083A67E /* chatroomUITests.swift */ = {isa = PBXFileReference; lastKnownFileType = sourcecode.swift; path = chatroomUITests.swift; sourceTree = "<group>"; };
		43AC7DF1239516120083A67E /* Info.plist */ = {isa = PBXFileReference; lastKnownFileType = text.plist.xml; path = Info.plist; sourceTree = "<group>"; };
		43BA90F6239692B700FC7D6D /* Spinner.swift */ = {isa = PBXFileReference; lastKnownFileType = sourcecode.swift; path = Spinner.swift; sourceTree = "<group>"; };
		43BA90F92396A62600FC7D6D /* ScrollView.swift */ = {isa = PBXFileReference; lastKnownFileType = sourcecode.swift; path = ScrollView.swift; sourceTree = "<group>"; };
		43BA90FB2396A64E00FC7D6D /* UIColors.swift */ = {isa = PBXFileReference; lastKnownFileType = sourcecode.swift; path = UIColors.swift; sourceTree = "<group>"; };
		43BA90FD2396A69900FC7D6D /* UIImage.swift */ = {isa = PBXFileReference; lastKnownFileType = sourcecode.swift; path = UIImage.swift; sourceTree = "<group>"; };
		43FBE60723966854001EE591 /* ChatRoomsTableViewCell.swift */ = {isa = PBXFileReference; lastKnownFileType = sourcecode.swift; path = ChatRoomsTableViewCell.swift; sourceTree = "<group>"; };
		43FBE60A23968268001EE591 /* AppSettings.swift */ = {isa = PBXFileReference; lastKnownFileType = sourcecode.swift; path = AppSettings.swift; sourceTree = "<group>"; };
		6D83848999A8804D5FF2DFA6 /* Pods-chatroom-chatroomUITests.release.xcconfig */ = {isa = PBXFileReference; includeInIndex = 1; lastKnownFileType = text.xcconfig; name = "Pods-chatroom-chatroomUITests.release.xcconfig"; path = "Target Support Files/Pods-chatroom-chatroomUITests/Pods-chatroom-chatroomUITests.release.xcconfig"; sourceTree = "<group>"; };
		7E02C6D27AD5A69904DD4C6E /* Pods_chatroomTests.framework */ = {isa = PBXFileReference; explicitFileType = wrapper.framework; includeInIndex = 0; path = Pods_chatroomTests.framework; sourceTree = BUILT_PRODUCTS_DIR; };
		8265B585BB41F8AC0A1A4F08 /* Pods_chatroom_chatroomUITests.framework */ = {isa = PBXFileReference; explicitFileType = wrapper.framework; includeInIndex = 0; path = Pods_chatroom_chatroomUITests.framework; sourceTree = BUILT_PRODUCTS_DIR; };
		C2315E53F204E388ABECDF56 /* Pods-chatroom-chatroomUITests.debug.xcconfig */ = {isa = PBXFileReference; includeInIndex = 1; lastKnownFileType = text.xcconfig; name = "Pods-chatroom-chatroomUITests.debug.xcconfig"; path = "Target Support Files/Pods-chatroom-chatroomUITests/Pods-chatroom-chatroomUITests.debug.xcconfig"; sourceTree = "<group>"; };
		D25500CBF667D9F782EB4960 /* Pods-chatroom.debug.xcconfig */ = {isa = PBXFileReference; includeInIndex = 1; lastKnownFileType = text.xcconfig; name = "Pods-chatroom.debug.xcconfig"; path = "Target Support Files/Pods-chatroom/Pods-chatroom.debug.xcconfig"; sourceTree = "<group>"; };
		F0A1DCB489C04A6708FAC472 /* Pods-chatroom.release.xcconfig */ = {isa = PBXFileReference; includeInIndex = 1; lastKnownFileType = text.xcconfig; name = "Pods-chatroom.release.xcconfig"; path = "Target Support Files/Pods-chatroom/Pods-chatroom.release.xcconfig"; sourceTree = "<group>"; };
		F90A1759A7587E143A5F27DE /* Pods-chatroomTests.debug.xcconfig */ = {isa = PBXFileReference; includeInIndex = 1; lastKnownFileType = text.xcconfig; name = "Pods-chatroomTests.debug.xcconfig"; path = "Target Support Files/Pods-chatroomTests/Pods-chatroomTests.debug.xcconfig"; sourceTree = "<group>"; };
/* End PBXFileReference section */

/* Begin PBXFrameworksBuildPhase section */
		43AC7DC72395160F0083A67E /* Frameworks */ = {
			isa = PBXFrameworksBuildPhase;
			buildActionMask = 2147483647;
			files = (
				63CC5D582A1F6382C09C2BB3 /* Pods_chatroom.framework in Frameworks */,
			);
			runOnlyForDeploymentPostprocessing = 0;
		};
		43AC7DDD239516120083A67E /* Frameworks */ = {
			isa = PBXFrameworksBuildPhase;
			buildActionMask = 2147483647;
			files = (
				F9F0AA69BF37AC3E848B0AEE /* Pods_chatroomTests.framework in Frameworks */,
			);
			runOnlyForDeploymentPostprocessing = 0;
		};
		43AC7DE8239516120083A67E /* Frameworks */ = {
			isa = PBXFrameworksBuildPhase;
			buildActionMask = 2147483647;
			files = (
				538DBB0F202CAF5DBCE78285 /* Pods_chatroom_chatroomUITests.framework in Frameworks */,
			);
			runOnlyForDeploymentPostprocessing = 0;
		};
/* End PBXFrameworksBuildPhase section */

/* Begin PBXGroup section */
		430A13E1239549110008155D /* Model */ = {
			isa = PBXGroup;
			children = (
				430A13EB23955E280008155D /* ChatRoom.swift */,
				430A13ED23955E570008155D /* Message.swift */,
				430A13F323956C800008155D /* DatabaseRepresentation.swift */,
			);
			path = Model;
			sourceTree = "<group>";
		};
		430A13E2239549260008155D /* ViewControllers */ = {
			isa = PBXGroup;
			children = (
				43AC7DD12395160F0083A67E /* LoginViewController.swift */,
				430A13E5239551460008155D /* ChatRoomsViewController.swift */,
				430A13EF239561E70008155D /* ChatRoomViewController.swift */,
			);
			path = ViewControllers;
			sourceTree = "<group>";
		};
		430A13E32395492D0008155D /* Views */ = {
			isa = PBXGroup;
			children = (
				43BA90F82396944F00FC7D6D /* Extensions */,
				43FBE60623966845001EE591 /* ViewCells */,
				43AC7DD32395160F0083A67E /* Main.storyboard */,
				430A13E7239551560008155D /* ChatRooms.storyboard */,
				430A13F1239561F60008155D /* ChatRoom.storyboard */,
			);
			path = Views;
			sourceTree = "<group>";
		};
		43AC7DC12395160F0083A67E = {
			isa = PBXGroup;
			children = (
				43AC7DCC2395160F0083A67E /* chatroom */,
				43AC7DE3239516120083A67E /* chatroomTests */,
				43AC7DEE239516120083A67E /* chatroomUITests */,
				43AC7DCB2395160F0083A67E /* Products */,
				A7ABB11F8BF20969181BA208 /* Pods */,
				FCC1B2C5E5EC216860F28B7E /* Frameworks */,
			);
			sourceTree = "<group>";
		};
		43AC7DCB2395160F0083A67E /* Products */ = {
			isa = PBXGroup;
			children = (
				43AC7DCA2395160F0083A67E /* chatroom.app */,
				43AC7DE0239516120083A67E /* chatroomTests.xctest */,
				43AC7DEB239516120083A67E /* chatroomUITests.xctest */,
			);
			name = Products;
			sourceTree = "<group>";
		};
		43AC7DCC2395160F0083A67E /* chatroom */ = {
			isa = PBXGroup;
			children = (
				430A13E423954BEF0008155D /* chatroom.entitlements */,
				430A13E32395492D0008155D /* Views */,
				430A13E2239549260008155D /* ViewControllers */,
				430A13E1239549110008155D /* Model */,
				43AC7DCF2395160F0083A67E /* SceneDelegate.swift */,
				43FBE60923968258001EE591 /* Controllers */,
				43AC7DD6239516120083A67E /* Assets.xcassets */,
				43AC7DD8239516120083A67E /* LaunchScreen.storyboard */,
				43AC7DDB239516120083A67E /* Info.plist */,
				4344E013239546C800915E95 /* GoogleService-Info.plist */,
			);
			path = chatroom;
			sourceTree = "<group>";
		};
		43AC7DE3239516120083A67E /* chatroomTests */ = {
			isa = PBXGroup;
			children = (
				43AC7DE4239516120083A67E /* chatroomTests.swift */,
				43AC7DE6239516120083A67E /* Info.plist */,
			);
			path = chatroomTests;
			sourceTree = "<group>";
		};
		43AC7DEE239516120083A67E /* chatroomUITests */ = {
			isa = PBXGroup;
			children = (
				43AC7DEF239516120083A67E /* chatroomUITests.swift */,
				43AC7DF1239516120083A67E /* Info.plist */,
			);
			path = chatroomUITests;
			sourceTree = "<group>";
		};
		43BA90F82396944F00FC7D6D /* Extensions */ = {
			isa = PBXGroup;
			children = (
				43BA90F6239692B700FC7D6D /* Spinner.swift */,
				43BA90F92396A62600FC7D6D /* ScrollView.swift */,
				43BA90FB2396A64E00FC7D6D /* UIColors.swift */,
				43BA90FD2396A69900FC7D6D /* UIImage.swift */,
			);
			path = Extensions;
			sourceTree = "<group>";
		};
		43FBE60623966845001EE591 /* ViewCells */ = {
			isa = PBXGroup;
			children = (
				43FBE60723966854001EE591 /* ChatRoomsTableViewCell.swift */,
			);
			path = ViewCells;
			sourceTree = "<group>";
		};
		43FBE60923968258001EE591 /* Controllers */ = {
			isa = PBXGroup;
			children = (
				43AC7DCD2395160F0083A67E /* AppDelegate.swift */,
				43FBE60A23968268001EE591 /* AppSettings.swift */,
			);
			path = Controllers;
			sourceTree = "<group>";
		};
		A7ABB11F8BF20969181BA208 /* Pods */ = {
			isa = PBXGroup;
			children = (
				D25500CBF667D9F782EB4960 /* Pods-chatroom.debug.xcconfig */,
				F0A1DCB489C04A6708FAC472 /* Pods-chatroom.release.xcconfig */,
				C2315E53F204E388ABECDF56 /* Pods-chatroom-chatroomUITests.debug.xcconfig */,
				6D83848999A8804D5FF2DFA6 /* Pods-chatroom-chatroomUITests.release.xcconfig */,
				F90A1759A7587E143A5F27DE /* Pods-chatroomTests.debug.xcconfig */,
				050D2F765F301C8EEE7A6FE9 /* Pods-chatroomTests.release.xcconfig */,
			);
			path = Pods;
			sourceTree = "<group>";
		};
		FCC1B2C5E5EC216860F28B7E /* Frameworks */ = {
			isa = PBXGroup;
			children = (
				1E986DB0454B7EF67EFF8002 /* Pods_chatroom.framework */,
				8265B585BB41F8AC0A1A4F08 /* Pods_chatroom_chatroomUITests.framework */,
				7E02C6D27AD5A69904DD4C6E /* Pods_chatroomTests.framework */,
			);
			name = Frameworks;
			sourceTree = "<group>";
		};
/* End PBXGroup section */

/* Begin PBXNativeTarget section */
		43AC7DC92395160F0083A67E /* chatroom */ = {
			isa = PBXNativeTarget;
			buildConfigurationList = 43AC7DF4239516130083A67E /* Build configuration list for PBXNativeTarget "chatroom" */;
			buildPhases = (
				4A050FFD3355C374F6D48CEF /* [CP] Check Pods Manifest.lock */,
				43AC7DC62395160F0083A67E /* Sources */,
				43AC7DC72395160F0083A67E /* Frameworks */,
				43AC7DC82395160F0083A67E /* Resources */,
				E716C46C0AD52B03F61E3ABA /* [CP] Embed Pods Frameworks */,
			);
			buildRules = (
			);
			dependencies = (
			);
			name = chatroom;
			productName = chatroom;
			productReference = 43AC7DCA2395160F0083A67E /* chatroom.app */;
			productType = "com.apple.product-type.application";
		};
		43AC7DDF239516120083A67E /* chatroomTests */ = {
			isa = PBXNativeTarget;
			buildConfigurationList = 43AC7DF7239516130083A67E /* Build configuration list for PBXNativeTarget "chatroomTests" */;
			buildPhases = (
				07C7A33E3B846C9E987004A8 /* [CP] Check Pods Manifest.lock */,
				43AC7DDC239516120083A67E /* Sources */,
				43AC7DDD239516120083A67E /* Frameworks */,
				43AC7DDE239516120083A67E /* Resources */,
			);
			buildRules = (
			);
			dependencies = (
				43AC7DE2239516120083A67E /* PBXTargetDependency */,
			);
			name = chatroomTests;
			productName = chatroomTests;
			productReference = 43AC7DE0239516120083A67E /* chatroomTests.xctest */;
			productType = "com.apple.product-type.bundle.unit-test";
		};
		43AC7DEA239516120083A67E /* chatroomUITests */ = {
			isa = PBXNativeTarget;
			buildConfigurationList = 43AC7DFA239516130083A67E /* Build configuration list for PBXNativeTarget "chatroomUITests" */;
			buildPhases = (
				656A2CE3271865A0099A4E43 /* [CP] Check Pods Manifest.lock */,
				43AC7DE7239516120083A67E /* Sources */,
				43AC7DE8239516120083A67E /* Frameworks */,
				43AC7DE9239516120083A67E /* Resources */,
				3215D3C74365670C0E06B677 /* [CP] Embed Pods Frameworks */,
			);
			buildRules = (
			);
			dependencies = (
				43AC7DED239516120083A67E /* PBXTargetDependency */,
			);
			name = chatroomUITests;
			productName = chatroomUITests;
			productReference = 43AC7DEB239516120083A67E /* chatroomUITests.xctest */;
			productType = "com.apple.product-type.bundle.ui-testing";
		};
/* End PBXNativeTarget section */

/* Begin PBXProject section */
		43AC7DC22395160F0083A67E /* Project object */ = {
			isa = PBXProject;
			attributes = {
				LastSwiftUpdateCheck = 1110;
				LastUpgradeCheck = 1110;
				ORGANIZATIONNAME = "Benjamin Rasmussen";
				TargetAttributes = {
					43AC7DC92395160F0083A67E = {
						CreatedOnToolsVersion = 11.1;
					};
					43AC7DDF239516120083A67E = {
						CreatedOnToolsVersion = 11.1;
						TestTargetID = 43AC7DC92395160F0083A67E;
					};
					43AC7DEA239516120083A67E = {
						CreatedOnToolsVersion = 11.1;
						TestTargetID = 43AC7DC92395160F0083A67E;
					};
				};
			};
			buildConfigurationList = 43AC7DC52395160F0083A67E /* Build configuration list for PBXProject "chatroom" */;
			compatibilityVersion = "Xcode 9.3";
			developmentRegion = en;
			hasScannedForEncodings = 0;
			knownRegions = (
				en,
				Base,
			);
			mainGroup = 43AC7DC12395160F0083A67E;
			productRefGroup = 43AC7DCB2395160F0083A67E /* Products */;
			projectDirPath = "";
			projectRoot = "";
			targets = (
				43AC7DC92395160F0083A67E /* chatroom */,
				43AC7DDF239516120083A67E /* chatroomTests */,
				43AC7DEA239516120083A67E /* chatroomUITests */,
			);
		};
/* End PBXProject section */

/* Begin PBXResourcesBuildPhase section */
		43AC7DC82395160F0083A67E /* Resources */ = {
			isa = PBXResourcesBuildPhase;
			buildActionMask = 2147483647;
			files = (
				43AC7DDA239516120083A67E /* LaunchScreen.storyboard in Resources */,
				4344E014239546C800915E95 /* GoogleService-Info.plist in Resources */,
				430A13E8239551560008155D /* ChatRooms.storyboard in Resources */,
				43AC7DD7239516120083A67E /* Assets.xcassets in Resources */,
				43AC7DD52395160F0083A67E /* Main.storyboard in Resources */,
				430A13F2239561F60008155D /* ChatRoom.storyboard in Resources */,
			);
			runOnlyForDeploymentPostprocessing = 0;
		};
		43AC7DDE239516120083A67E /* Resources */ = {
			isa = PBXResourcesBuildPhase;
			buildActionMask = 2147483647;
			files = (
				4344E015239546C800915E95 /* GoogleService-Info.plist in Resources */,
			);
			runOnlyForDeploymentPostprocessing = 0;
		};
		43AC7DE9239516120083A67E /* Resources */ = {
			isa = PBXResourcesBuildPhase;
			buildActionMask = 2147483647;
			files = (
				4344E016239546C800915E95 /* GoogleService-Info.plist in Resources */,
			);
			runOnlyForDeploymentPostprocessing = 0;
		};
/* End PBXResourcesBuildPhase section */

/* Begin PBXShellScriptBuildPhase section */
		07C7A33E3B846C9E987004A8 /* [CP] Check Pods Manifest.lock */ = {
			isa = PBXShellScriptBuildPhase;
			buildActionMask = 2147483647;
			files = (
			);
			inputFileListPaths = (
			);
			inputPaths = (
				"${PODS_PODFILE_DIR_PATH}/Podfile.lock",
				"${PODS_ROOT}/Manifest.lock",
			);
			name = "[CP] Check Pods Manifest.lock";
			outputFileListPaths = (
			);
			outputPaths = (
				"$(DERIVED_FILE_DIR)/Pods-chatroomTests-checkManifestLockResult.txt",
			);
			runOnlyForDeploymentPostprocessing = 0;
			shellPath = /bin/sh;
			shellScript = "diff \"${PODS_PODFILE_DIR_PATH}/Podfile.lock\" \"${PODS_ROOT}/Manifest.lock\" > /dev/null\nif [ $? != 0 ] ; then\n    # print error to STDERR\n    echo \"error: The sandbox is not in sync with the Podfile.lock. Run 'pod install' or update your CocoaPods installation.\" >&2\n    exit 1\nfi\n# This output is used by Xcode 'outputs' to avoid re-running this script phase.\necho \"SUCCESS\" > \"${SCRIPT_OUTPUT_FILE_0}\"\n";
			showEnvVarsInLog = 0;
		};
		3215D3C74365670C0E06B677 /* [CP] Embed Pods Frameworks */ = {
			isa = PBXShellScriptBuildPhase;
			buildActionMask = 2147483647;
			files = (
			);
			inputFileListPaths = (
				"${PODS_ROOT}/Target Support Files/Pods-chatroom-chatroomUITests/Pods-chatroom-chatroomUITests-frameworks-${CONFIGURATION}-input-files.xcfilelist",
			);
			name = "[CP] Embed Pods Frameworks";
			outputFileListPaths = (
				"${PODS_ROOT}/Target Support Files/Pods-chatroom-chatroomUITests/Pods-chatroom-chatroomUITests-frameworks-${CONFIGURATION}-output-files.xcfilelist",
			);
			runOnlyForDeploymentPostprocessing = 0;
			shellPath = /bin/sh;
			shellScript = "\"${PODS_ROOT}/Target Support Files/Pods-chatroom-chatroomUITests/Pods-chatroom-chatroomUITests-frameworks.sh\"\n";
			showEnvVarsInLog = 0;
		};
		4A050FFD3355C374F6D48CEF /* [CP] Check Pods Manifest.lock */ = {
			isa = PBXShellScriptBuildPhase;
			buildActionMask = 2147483647;
			files = (
			);
			inputFileListPaths = (
			);
			inputPaths = (
				"${PODS_PODFILE_DIR_PATH}/Podfile.lock",
				"${PODS_ROOT}/Manifest.lock",
			);
			name = "[CP] Check Pods Manifest.lock";
			outputFileListPaths = (
			);
			outputPaths = (
				"$(DERIVED_FILE_DIR)/Pods-chatroom-checkManifestLockResult.txt",
			);
			runOnlyForDeploymentPostprocessing = 0;
			shellPath = /bin/sh;
			shellScript = "diff \"${PODS_PODFILE_DIR_PATH}/Podfile.lock\" \"${PODS_ROOT}/Manifest.lock\" > /dev/null\nif [ $? != 0 ] ; then\n    # print error to STDERR\n    echo \"error: The sandbox is not in sync with the Podfile.lock. Run 'pod install' or update your CocoaPods installation.\" >&2\n    exit 1\nfi\n# This output is used by Xcode 'outputs' to avoid re-running this script phase.\necho \"SUCCESS\" > \"${SCRIPT_OUTPUT_FILE_0}\"\n";
			showEnvVarsInLog = 0;
		};
		656A2CE3271865A0099A4E43 /* [CP] Check Pods Manifest.lock */ = {
			isa = PBXShellScriptBuildPhase;
			buildActionMask = 2147483647;
			files = (
			);
			inputFileListPaths = (
			);
			inputPaths = (
				"${PODS_PODFILE_DIR_PATH}/Podfile.lock",
				"${PODS_ROOT}/Manifest.lock",
			);
			name = "[CP] Check Pods Manifest.lock";
			outputFileListPaths = (
			);
			outputPaths = (
				"$(DERIVED_FILE_DIR)/Pods-chatroom-chatroomUITests-checkManifestLockResult.txt",
			);
			runOnlyForDeploymentPostprocessing = 0;
			shellPath = /bin/sh;
			shellScript = "diff \"${PODS_PODFILE_DIR_PATH}/Podfile.lock\" \"${PODS_ROOT}/Manifest.lock\" > /dev/null\nif [ $? != 0 ] ; then\n    # print error to STDERR\n    echo \"error: The sandbox is not in sync with the Podfile.lock. Run 'pod install' or update your CocoaPods installation.\" >&2\n    exit 1\nfi\n# This output is used by Xcode 'outputs' to avoid re-running this script phase.\necho \"SUCCESS\" > \"${SCRIPT_OUTPUT_FILE_0}\"\n";
			showEnvVarsInLog = 0;
		};
		E716C46C0AD52B03F61E3ABA /* [CP] Embed Pods Frameworks */ = {
			isa = PBXShellScriptBuildPhase;
			buildActionMask = 2147483647;
			files = (
			);
			inputFileListPaths = (
				"${PODS_ROOT}/Target Support Files/Pods-chatroom/Pods-chatroom-frameworks-${CONFIGURATION}-input-files.xcfilelist",
			);
			name = "[CP] Embed Pods Frameworks";
			outputFileListPaths = (
				"${PODS_ROOT}/Target Support Files/Pods-chatroom/Pods-chatroom-frameworks-${CONFIGURATION}-output-files.xcfilelist",
			);
			runOnlyForDeploymentPostprocessing = 0;
			shellPath = /bin/sh;
			shellScript = "\"${PODS_ROOT}/Target Support Files/Pods-chatroom/Pods-chatroom-frameworks.sh\"\n";
			showEnvVarsInLog = 0;
		};
/* End PBXShellScriptBuildPhase section */

/* Begin PBXSourcesBuildPhase section */
		43AC7DC62395160F0083A67E /* Sources */ = {
			isa = PBXSourcesBuildPhase;
			buildActionMask = 2147483647;
			files = (
				430A13EC23955E280008155D /* ChatRoom.swift in Sources */,
				43AC7DD22395160F0083A67E /* LoginViewController.swift in Sources */,
				43AC7DCE2395160F0083A67E /* AppDelegate.swift in Sources */,
				43BA90FC2396A64E00FC7D6D /* UIColors.swift in Sources */,
				430A13F0239561E70008155D /* ChatRoomViewController.swift in Sources */,
				43AC7DD02395160F0083A67E /* SceneDelegate.swift in Sources */,
				43BA90FE2396A69900FC7D6D /* UIImage.swift in Sources */,
				430A13F423956C800008155D /* DatabaseRepresentation.swift in Sources */,
				43BA90FA2396A62700FC7D6D /* ScrollView.swift in Sources */,
				43BA90F7239692B700FC7D6D /* Spinner.swift in Sources */,
				43FBE60B23968268001EE591 /* AppSettings.swift in Sources */,
				430A13E6239551460008155D /* ChatRoomsViewController.swift in Sources */,
				43FBE60823966854001EE591 /* ChatRoomsTableViewCell.swift in Sources */,
				430A13EE23955E570008155D /* Message.swift in Sources */,
			);
			runOnlyForDeploymentPostprocessing = 0;
		};
		43AC7DDC239516120083A67E /* Sources */ = {
			isa = PBXSourcesBuildPhase;
			buildActionMask = 2147483647;
			files = (
				43AC7DE5239516120083A67E /* chatroomTests.swift in Sources */,
			);
			runOnlyForDeploymentPostprocessing = 0;
		};
		43AC7DE7239516120083A67E /* Sources */ = {
			isa = PBXSourcesBuildPhase;
			buildActionMask = 2147483647;
			files = (
				43AC7DF0239516120083A67E /* chatroomUITests.swift in Sources */,
			);
			runOnlyForDeploymentPostprocessing = 0;
		};
/* End PBXSourcesBuildPhase section */

/* Begin PBXTargetDependency section */
		43AC7DE2239516120083A67E /* PBXTargetDependency */ = {
			isa = PBXTargetDependency;
			target = 43AC7DC92395160F0083A67E /* chatroom */;
			targetProxy = 43AC7DE1239516120083A67E /* PBXContainerItemProxy */;
		};
		43AC7DED239516120083A67E /* PBXTargetDependency */ = {
			isa = PBXTargetDependency;
			target = 43AC7DC92395160F0083A67E /* chatroom */;
			targetProxy = 43AC7DEC239516120083A67E /* PBXContainerItemProxy */;
		};
/* End PBXTargetDependency section */

/* Begin PBXVariantGroup section */
		43AC7DD32395160F0083A67E /* Main.storyboard */ = {
			isa = PBXVariantGroup;
			children = (
				43AC7DD42395160F0083A67E /* Base */,
			);
			name = Main.storyboard;
			sourceTree = "<group>";
		};
		43AC7DD8239516120083A67E /* LaunchScreen.storyboard */ = {
			isa = PBXVariantGroup;
			children = (
				43AC7DD9239516120083A67E /* Base */,
			);
			name = LaunchScreen.storyboard;
			sourceTree = "<group>";
		};
/* End PBXVariantGroup section */

/* Begin XCBuildConfiguration section */
		43AC7DF2239516130083A67E /* Debug */ = {
			isa = XCBuildConfiguration;
			buildSettings = {
				ALWAYS_SEARCH_USER_PATHS = NO;
				CLANG_ANALYZER_NONNULL = YES;
				CLANG_ANALYZER_NUMBER_OBJECT_CONVERSION = YES_AGGRESSIVE;
				CLANG_CXX_LANGUAGE_STANDARD = "gnu++14";
				CLANG_CXX_LIBRARY = "libc++";
				CLANG_ENABLE_MODULES = YES;
				CLANG_ENABLE_OBJC_ARC = YES;
				CLANG_ENABLE_OBJC_WEAK = YES;
				CLANG_WARN_BLOCK_CAPTURE_AUTORELEASING = YES;
				CLANG_WARN_BOOL_CONVERSION = YES;
				CLANG_WARN_COMMA = YES;
				CLANG_WARN_CONSTANT_CONVERSION = YES;
				CLANG_WARN_DEPRECATED_OBJC_IMPLEMENTATIONS = YES;
				CLANG_WARN_DIRECT_OBJC_ISA_USAGE = YES_ERROR;
				CLANG_WARN_DOCUMENTATION_COMMENTS = YES;
				CLANG_WARN_EMPTY_BODY = YES;
				CLANG_WARN_ENUM_CONVERSION = YES;
				CLANG_WARN_INFINITE_RECURSION = YES;
				CLANG_WARN_INT_CONVERSION = YES;
				CLANG_WARN_NON_LITERAL_NULL_CONVERSION = YES;
				CLANG_WARN_OBJC_IMPLICIT_RETAIN_SELF = YES;
				CLANG_WARN_OBJC_LITERAL_CONVERSION = YES;
				CLANG_WARN_OBJC_ROOT_CLASS = YES_ERROR;
				CLANG_WARN_RANGE_LOOP_ANALYSIS = YES;
				CLANG_WARN_STRICT_PROTOTYPES = YES;
				CLANG_WARN_SUSPICIOUS_MOVE = YES;
				CLANG_WARN_UNGUARDED_AVAILABILITY = YES_AGGRESSIVE;
				CLANG_WARN_UNREACHABLE_CODE = YES;
				CLANG_WARN__DUPLICATE_METHOD_MATCH = YES;
				COPY_PHASE_STRIP = NO;
				DEBUG_INFORMATION_FORMAT = dwarf;
				ENABLE_STRICT_OBJC_MSGSEND = YES;
				ENABLE_TESTABILITY = YES;
				GCC_C_LANGUAGE_STANDARD = gnu11;
				GCC_DYNAMIC_NO_PIC = NO;
				GCC_NO_COMMON_BLOCKS = YES;
				GCC_OPTIMIZATION_LEVEL = 0;
				GCC_PREPROCESSOR_DEFINITIONS = (
					"DEBUG=1",
					"$(inherited)",
				);
				GCC_WARN_64_TO_32_BIT_CONVERSION = YES;
				GCC_WARN_ABOUT_RETURN_TYPE = YES_ERROR;
				GCC_WARN_UNDECLARED_SELECTOR = YES;
				GCC_WARN_UNINITIALIZED_AUTOS = YES_AGGRESSIVE;
				GCC_WARN_UNUSED_FUNCTION = YES;
				GCC_WARN_UNUSED_VARIABLE = YES;
				IPHONEOS_DEPLOYMENT_TARGET = 13.1;
				MTL_ENABLE_DEBUG_INFO = INCLUDE_SOURCE;
				MTL_FAST_MATH = YES;
				ONLY_ACTIVE_ARCH = YES;
				SDKROOT = iphoneos;
				SWIFT_ACTIVE_COMPILATION_CONDITIONS = DEBUG;
				SWIFT_OPTIMIZATION_LEVEL = "-Onone";
			};
			name = Debug;
		};
		43AC7DF3239516130083A67E /* Release */ = {
			isa = XCBuildConfiguration;
			buildSettings = {
				ALWAYS_SEARCH_USER_PATHS = NO;
				CLANG_ANALYZER_NONNULL = YES;
				CLANG_ANALYZER_NUMBER_OBJECT_CONVERSION = YES_AGGRESSIVE;
				CLANG_CXX_LANGUAGE_STANDARD = "gnu++14";
				CLANG_CXX_LIBRARY = "libc++";
				CLANG_ENABLE_MODULES = YES;
				CLANG_ENABLE_OBJC_ARC = YES;
				CLANG_ENABLE_OBJC_WEAK = YES;
				CLANG_WARN_BLOCK_CAPTURE_AUTORELEASING = YES;
				CLANG_WARN_BOOL_CONVERSION = YES;
				CLANG_WARN_COMMA = YES;
				CLANG_WARN_CONSTANT_CONVERSION = YES;
				CLANG_WARN_DEPRECATED_OBJC_IMPLEMENTATIONS = YES;
				CLANG_WARN_DIRECT_OBJC_ISA_USAGE = YES_ERROR;
				CLANG_WARN_DOCUMENTATION_COMMENTS = YES;
				CLANG_WARN_EMPTY_BODY = YES;
				CLANG_WARN_ENUM_CONVERSION = YES;
				CLANG_WARN_INFINITE_RECURSION = YES;
				CLANG_WARN_INT_CONVERSION = YES;
				CLANG_WARN_NON_LITERAL_NULL_CONVERSION = YES;
				CLANG_WARN_OBJC_IMPLICIT_RETAIN_SELF = YES;
				CLANG_WARN_OBJC_LITERAL_CONVERSION = YES;
				CLANG_WARN_OBJC_ROOT_CLASS = YES_ERROR;
				CLANG_WARN_RANGE_LOOP_ANALYSIS = YES;
				CLANG_WARN_STRICT_PROTOTYPES = YES;
				CLANG_WARN_SUSPICIOUS_MOVE = YES;
				CLANG_WARN_UNGUARDED_AVAILABILITY = YES_AGGRESSIVE;
				CLANG_WARN_UNREACHABLE_CODE = YES;
				CLANG_WARN__DUPLICATE_METHOD_MATCH = YES;
				COPY_PHASE_STRIP = NO;
				DEBUG_INFORMATION_FORMAT = "dwarf-with-dsym";
				ENABLE_NS_ASSERTIONS = NO;
				ENABLE_STRICT_OBJC_MSGSEND = YES;
				GCC_C_LANGUAGE_STANDARD = gnu11;
				GCC_NO_COMMON_BLOCKS = YES;
				GCC_WARN_64_TO_32_BIT_CONVERSION = YES;
				GCC_WARN_ABOUT_RETURN_TYPE = YES_ERROR;
				GCC_WARN_UNDECLARED_SELECTOR = YES;
				GCC_WARN_UNINITIALIZED_AUTOS = YES_AGGRESSIVE;
				GCC_WARN_UNUSED_FUNCTION = YES;
				GCC_WARN_UNUSED_VARIABLE = YES;
				IPHONEOS_DEPLOYMENT_TARGET = 13.1;
				MTL_ENABLE_DEBUG_INFO = NO;
				MTL_FAST_MATH = YES;
				SDKROOT = iphoneos;
				SWIFT_COMPILATION_MODE = wholemodule;
				SWIFT_OPTIMIZATION_LEVEL = "-O";
				VALIDATE_PRODUCT = YES;
			};
			name = Release;
		};
		43AC7DF5239516130083A67E /* Debug */ = {
			isa = XCBuildConfiguration;
			baseConfigurationReference = D25500CBF667D9F782EB4960 /* Pods-chatroom.debug.xcconfig */;
			buildSettings = {
				ASSETCATALOG_COMPILER_APPICON_NAME = AppIcon;
				CODE_SIGN_ENTITLEMENTS = chatroom/chatroom.entitlements;
				CODE_SIGN_STYLE = Automatic;
				DEVELOPMENT_TEAM = K295BZ2VWQ;
				INFOPLIST_FILE = chatroom/Info.plist;
				LD_RUNPATH_SEARCH_PATHS = (
					"$(inherited)",
					"@executable_path/Frameworks",
				);
				PRODUCT_BUNDLE_IDENTIFIER = benjamin.chatroom;
				PRODUCT_NAME = "$(TARGET_NAME)";
				SWIFT_VERSION = 5.0;
				TARGETED_DEVICE_FAMILY = "1,2";
			};
			name = Debug;
		};
		43AC7DF6239516130083A67E /* Release */ = {
			isa = XCBuildConfiguration;
			baseConfigurationReference = F0A1DCB489C04A6708FAC472 /* Pods-chatroom.release.xcconfig */;
			buildSettings = {
				ASSETCATALOG_COMPILER_APPICON_NAME = AppIcon;
				CODE_SIGN_ENTITLEMENTS = chatroom/chatroom.entitlements;
				CODE_SIGN_STYLE = Automatic;
				DEVELOPMENT_TEAM = K295BZ2VWQ;
				INFOPLIST_FILE = chatroom/Info.plist;
				LD_RUNPATH_SEARCH_PATHS = (
					"$(inherited)",
					"@executable_path/Frameworks",
				);
				PRODUCT_BUNDLE_IDENTIFIER = benjamin.chatroom;
				PRODUCT_NAME = "$(TARGET_NAME)";
				SWIFT_VERSION = 5.0;
				TARGETED_DEVICE_FAMILY = "1,2";
			};
			name = Release;
		};
		43AC7DF8239516130083A67E /* Debug */ = {
			isa = XCBuildConfiguration;
			baseConfigurationReference = F90A1759A7587E143A5F27DE /* Pods-chatroomTests.debug.xcconfig */;
			buildSettings = {
				ALWAYS_EMBED_SWIFT_STANDARD_LIBRARIES = YES;
				BUNDLE_LOADER = "$(TEST_HOST)";
				CODE_SIGN_STYLE = Automatic;
				INFOPLIST_FILE = chatroomTests/Info.plist;
				IPHONEOS_DEPLOYMENT_TARGET = 13.1;
				LD_RUNPATH_SEARCH_PATHS = (
					"$(inherited)",
					"@executable_path/Frameworks",
					"@loader_path/Frameworks",
				);
				PRODUCT_BUNDLE_IDENTIFIER = benjamin.chatroomTests;
				PRODUCT_NAME = "$(TARGET_NAME)";
				SWIFT_VERSION = 5.0;
				TARGETED_DEVICE_FAMILY = "1,2";
				TEST_HOST = "$(BUILT_PRODUCTS_DIR)/chatroom.app/chatroom";
			};
			name = Debug;
		};
		43AC7DF9239516130083A67E /* Release */ = {
			isa = XCBuildConfiguration;
			baseConfigurationReference = 050D2F765F301C8EEE7A6FE9 /* Pods-chatroomTests.release.xcconfig */;
			buildSettings = {
				ALWAYS_EMBED_SWIFT_STANDARD_LIBRARIES = YES;
				BUNDLE_LOADER = "$(TEST_HOST)";
				CODE_SIGN_STYLE = Automatic;
				INFOPLIST_FILE = chatroomTests/Info.plist;
				IPHONEOS_DEPLOYMENT_TARGET = 13.1;
				LD_RUNPATH_SEARCH_PATHS = (
					"$(inherited)",
					"@executable_path/Frameworks",
					"@loader_path/Frameworks",
				);
				PRODUCT_BUNDLE_IDENTIFIER = benjamin.chatroomTests;
				PRODUCT_NAME = "$(TARGET_NAME)";
				SWIFT_VERSION = 5.0;
				TARGETED_DEVICE_FAMILY = "1,2";
				TEST_HOST = "$(BUILT_PRODUCTS_DIR)/chatroom.app/chatroom";
			};
			name = Release;
		};
		43AC7DFB239516130083A67E /* Debug */ = {
			isa = XCBuildConfiguration;
			baseConfigurationReference = C2315E53F204E388ABECDF56 /* Pods-chatroom-chatroomUITests.debug.xcconfig */;
			buildSettings = {
				ALWAYS_EMBED_SWIFT_STANDARD_LIBRARIES = YES;
				CODE_SIGN_STYLE = Automatic;
				INFOPLIST_FILE = chatroomUITests/Info.plist;
				LD_RUNPATH_SEARCH_PATHS = (
					"$(inherited)",
					"@executable_path/Frameworks",
					"@loader_path/Frameworks",
				);
				PRODUCT_BUNDLE_IDENTIFIER = benjamin.chatroomUITests;
				PRODUCT_NAME = "$(TARGET_NAME)";
				SWIFT_VERSION = 5.0;
				TARGETED_DEVICE_FAMILY = "1,2";
				TEST_TARGET_NAME = chatroom;
			};
			name = Debug;
		};
		43AC7DFC239516130083A67E /* Release */ = {
			isa = XCBuildConfiguration;
			baseConfigurationReference = 6D83848999A8804D5FF2DFA6 /* Pods-chatroom-chatroomUITests.release.xcconfig */;
			buildSettings = {
				ALWAYS_EMBED_SWIFT_STANDARD_LIBRARIES = YES;
				CODE_SIGN_STYLE = Automatic;
				INFOPLIST_FILE = chatroomUITests/Info.plist;
				LD_RUNPATH_SEARCH_PATHS = (
					"$(inherited)",
					"@executable_path/Frameworks",
					"@loader_path/Frameworks",
				);
				PRODUCT_BUNDLE_IDENTIFIER = benjamin.chatroomUITests;
				PRODUCT_NAME = "$(TARGET_NAME)";
				SWIFT_VERSION = 5.0;
				TARGETED_DEVICE_FAMILY = "1,2";
				TEST_TARGET_NAME = chatroom;
			};
			name = Release;
		};
/* End XCBuildConfiguration section */

/* Begin XCConfigurationList section */
		43AC7DC52395160F0083A67E /* Build configuration list for PBXProject "chatroom" */ = {
			isa = XCConfigurationList;
			buildConfigurations = (
				43AC7DF2239516130083A67E /* Debug */,
				43AC7DF3239516130083A67E /* Release */,
			);
			defaultConfigurationIsVisible = 0;
			defaultConfigurationName = Release;
		};
		43AC7DF4239516130083A67E /* Build configuration list for PBXNativeTarget "chatroom" */ = {
			isa = XCConfigurationList;
			buildConfigurations = (
				43AC7DF5239516130083A67E /* Debug */,
				43AC7DF6239516130083A67E /* Release */,
			);
			defaultConfigurationIsVisible = 0;
			defaultConfigurationName = Release;
		};
		43AC7DF7239516130083A67E /* Build configuration list for PBXNativeTarget "chatroomTests" */ = {
			isa = XCConfigurationList;
			buildConfigurations = (
				43AC7DF8239516130083A67E /* Debug */,
				43AC7DF9239516130083A67E /* Release */,
			);
			defaultConfigurationIsVisible = 0;
			defaultConfigurationName = Release;
		};
		43AC7DFA239516130083A67E /* Build configuration list for PBXNativeTarget "chatroomUITests" */ = {
			isa = XCConfigurationList;
			buildConfigurations = (
				43AC7DFB239516130083A67E /* Debug */,
				43AC7DFC239516130083A67E /* Release */,
			);
			defaultConfigurationIsVisible = 0;
			defaultConfigurationName = Release;
		};
/* End XCConfigurationList section */
	};
	rootObject = 43AC7DC22395160F0083A67E /* Project object */;
}
